
Microsoft Visual Studio Solution File, Format Version 12.00
# Visual Studio Version 17
VisualStudioVersion = 17.14.36518.9 d17.14
MinimumVisualStudioVersion = 10.0.40219.1
Project("{8BC9CEB8-8B4A-11D0-8D11-00A0C91BC942}") = "Sandbox", "Sandbox\Sandbox.vcxproj", "{F3C14775-7A5A-424A-812D-DEC3851DEAAE}"
EndProject
Project("{8BC9CEB8-8B4A-11D0-8D11-00A0C91BC942}") = "GameEngine", "GameEngine\GameEngine.vcxproj", "{48BB633F-D2FC-4774-BD39-D8116BEEEB40}"
EndProject
Global
	GlobalSection(SolutionConfigurationPlatforms) = preSolution
		Debug|x64 = Debug|x64
		Release|x64 = Release|x64
	EndGlobalSection
	GlobalSection(ProjectConfigurationPlatforms) = postSolution
		{48BB633F-D2FC-4774-BD39-D8116BEEEB40}.Debug|x64.ActiveCfg = Debug|x64
		{48BB633F-D2FC-4774-BD39-D8116BEEEB40}.Debug|x64.Build.0 = Debug|x64
		{48BB633F-D2FC-4774-BD39-D8116BEEEB40}.Release|x64.ActiveCfg = Release|x64
		{48BB633F-D2FC-4774-BD39-D8116BEEEB40}.Release|x64.Build.0 = Release|x64
		{F3C14775-7A5A-424A-812D-DEC3851DEAAE}.Debug|x64.ActiveCfg = Debug|x64
		{F3C14775-7A5A-424A-812D-DEC3851DEAAE}.Debug|x64.Build.0 = Debug|x64
		{F3C14775-7A5A-424A-812D-DEC3851DEAAE}.Release|x64.ActiveCfg = Release|x64
		{F3C14775-7A5A-424A-812D-DEC3851DEAAE}.Release|x64.Build.0 = Release|x64
	EndGlobalSection
	GlobalSection(SolutionProperties) = preSolution
		HideSolutionNode = FALSE
	EndGlobalSection
	GlobalSection(ExtensibilityGlobals) = postSolution
		SolutionGuid = {C677526A-97A4-4579-9D05-BE2F512760C2}
	EndGlobalSection
EndGlobal
